
Microsoft Visual Studio Solution File, Format Version 12.00
# Visual Studio 15
VisualStudioVersion = 15.0.26228.12
MinimumVisualStudioVersion = 15.0.26124.0
Project("{9A19103F-16F7-4668-BE54-9A1E7A4F7556}") = "RecipeWorkbenchBackend", "RecipeWorkbenchBackend\RecipeWorkbenchBackend.csproj", "{9C2DE715-43AB-4C45-B730-C9EF7D80C2B4}"
EndProject
Project("{9A19103F-16F7-4668-BE54-9A1E7A4F7556}") = "RnD.Workbench.Model", "RnD.Workbench.Model\RnD.Workbench.Model.csproj", "{81CC7663-13BF-4A19-9BEE-3205AB04F1CC}"
EndProject
Project("{2150E333-8FDC-42A3-9474-1A3956D46DE8}") = "UnitTests", "UnitTests", "{7275C013-5088-4805-9624-C163212BA686}"
EndProject
Project("{9A19103F-16F7-4668-BE54-9A1E7A4F7556}") = "RnD.Workbench.Core", "RnD.Workbench.Core\RnD.Workbench.Core.csproj", "{6A805728-66CF-4676-BB7F-987FA2196BE3}"
EndProject
Project("{9A19103F-16F7-4668-BE54-9A1E7A4F7556}") = "RnD.Workbench.Interfaces", "RnD.Workbench.Interfaces\RnD.Workbench.Interfaces.csproj", "{A190507D-AEC6-4B41-BAE1-A3434892A6D0}"
EndProject
Project("{FAE04EC0-301F-11D3-BF4B-00C04F79EFBC}") = "RnD.Database.SQLite", "RnD.Database.SQLite\RnD.Database.SQLite.csproj", "{10B71691-D0E0-4DC9-AE40-3D3C9E9B5DC7}"
EndProject
Project("{FAE04EC0-301F-11D3-BF4B-00C04F79EFBC}") = "RnD.Database.Interfaces", "RnD.Database.Interfaces\RnD.Database.Interfaces.csproj", "{569EF7AA-81AB-460D-8EF4-DA020F84E59E}"
EndProject
Project("{FAE04EC0-301F-11D3-BF4B-00C04F79EFBC}") = "RnD.Workbench.Model.Interfaces", "RnD.Workbench.Model.Interfaces\RnD.Workbench.Model.Interfaces.csproj", "{55299973-0E7B-491E-A94D-D7B75416D669}"
EndProject
Project("{2150E333-8FDC-42A3-9474-1A3956D46DE8}") = "Tools", "Tools", "{09BF9997-AC28-4F71-BDF6-D1F8C92AC0A9}"
EndProject
Project("{FAE04EC0-301F-11D3-BF4B-00C04F79EFBC}") = "Utilities.Csv", "Utilities.Csv\Utilities.Csv.csproj", "{F7B19847-4351-4E27-8FC8-ADD65E3AA442}"
EndProject
Project("{FAE04EC0-301F-11D3-BF4B-00C04F79EFBC}") = "Utilities.TrainDataImporter", "Utilities.TrainDataImporter\Utilities.TrainDataImporter.csproj", "{D99BFF1A-7C4D-448D-AA2E-82E801EB3D2A}"
EndProject
Project("{FAE04EC0-301F-11D3-BF4B-00C04F79EFBC}") = "RnD.Workbench.Services.Interfaces", "RnD.Workbench.Services.Interfaces\RnD.Workbench.Services.Interfaces.csproj", "{20271FC4-F9E6-4131-8111-F715DD28CC26}"
EndProject
Project("{FAE04EC0-301F-11D3-BF4B-00C04F79EFBC}") = "RnD.Workbench.Services", "RnD.Workbench.Services\RnD.Workbench.Services.csproj", "{F1281864-CBFC-482F-94F8-F1559E5D2EEA}"
EndProject
Project("{FAE04EC0-301F-11D3-BF4B-00C04F79EFBC}") = "RnD.Workbench.DataTransferObjects", "RnD.Workbench.DataTransferObjects\RnD.Workbench.DataTransferObjects.csproj", "{1A15C56A-E9FC-44C8-8193-2980C852FC30}"
EndProject
Global
	GlobalSection(SolutionConfigurationPlatforms) = preSolution
		Debug|Any CPU = Debug|Any CPU
		Debug|x64 = Debug|x64
		Debug|x86 = Debug|x86
		Release|Any CPU = Release|Any CPU
		Release|x64 = Release|x64
		Release|x86 = Release|x86
	EndGlobalSection
	GlobalSection(ProjectConfigurationPlatforms) = postSolution
		{9C2DE715-43AB-4C45-B730-C9EF7D80C2B4}.Debug|Any CPU.ActiveCfg = Debug|Any CPU
		{9C2DE715-43AB-4C45-B730-C9EF7D80C2B4}.Debug|Any CPU.Build.0 = Debug|Any CPU
		{9C2DE715-43AB-4C45-B730-C9EF7D80C2B4}.Debug|x64.ActiveCfg = Debug|Any CPU
		{9C2DE715-43AB-4C45-B730-C9EF7D80C2B4}.Debug|x64.Build.0 = Debug|Any CPU
		{9C2DE715-43AB-4C45-B730-C9EF7D80C2B4}.Debug|x86.ActiveCfg = Debug|Any CPU
		{9C2DE715-43AB-4C45-B730-C9EF7D80C2B4}.Debug|x86.Build.0 = Debug|Any CPU
		{9C2DE715-43AB-4C45-B730-C9EF7D80C2B4}.Release|Any CPU.ActiveCfg = Release|Any CPU
		{9C2DE715-43AB-4C45-B730-C9EF7D80C2B4}.Release|Any CPU.Build.0 = Release|Any CPU
		{9C2DE715-43AB-4C45-B730-C9EF7D80C2B4}.Release|x64.ActiveCfg = Release|Any CPU
		{9C2DE715-43AB-4C45-B730-C9EF7D80C2B4}.Release|x64.Build.0 = Release|Any CPU
		{9C2DE715-43AB-4C45-B730-C9EF7D80C2B4}.Release|x86.ActiveCfg = Release|Any CPU
		{9C2DE715-43AB-4C45-B730-C9EF7D80C2B4}.Release|x86.Build.0 = Release|Any CPU
		{81CC7663-13BF-4A19-9BEE-3205AB04F1CC}.Debug|Any CPU.ActiveCfg = Debug|Any CPU
		{81CC7663-13BF-4A19-9BEE-3205AB04F1CC}.Debug|Any CPU.Build.0 = Debug|Any CPU
		{81CC7663-13BF-4A19-9BEE-3205AB04F1CC}.Debug|x64.ActiveCfg = Debug|Any CPU
		{81CC7663-13BF-4A19-9BEE-3205AB04F1CC}.Debug|x64.Build.0 = Debug|Any CPU
		{81CC7663-13BF-4A19-9BEE-3205AB04F1CC}.Debug|x86.ActiveCfg = Debug|Any CPU
		{81CC7663-13BF-4A19-9BEE-3205AB04F1CC}.Debug|x86.Build.0 = Debug|Any CPU
		{81CC7663-13BF-4A19-9BEE-3205AB04F1CC}.Release|Any CPU.ActiveCfg = Release|Any CPU
		{81CC7663-13BF-4A19-9BEE-3205AB04F1CC}.Release|Any CPU.Build.0 = Release|Any CPU
		{81CC7663-13BF-4A19-9BEE-3205AB04F1CC}.Release|x64.ActiveCfg = Release|Any CPU
		{81CC7663-13BF-4A19-9BEE-3205AB04F1CC}.Release|x64.Build.0 = Release|Any CPU
		{81CC7663-13BF-4A19-9BEE-3205AB04F1CC}.Release|x86.ActiveCfg = Release|Any CPU
		{81CC7663-13BF-4A19-9BEE-3205AB04F1CC}.Release|x86.Build.0 = Release|Any CPU
		{6A805728-66CF-4676-BB7F-987FA2196BE3}.Debug|Any CPU.ActiveCfg = Debug|Any CPU
		{6A805728-66CF-4676-BB7F-987FA2196BE3}.Debug|Any CPU.Build.0 = Debug|Any CPU
		{6A805728-66CF-4676-BB7F-987FA2196BE3}.Debug|x64.ActiveCfg = Debug|Any CPU
		{6A805728-66CF-4676-BB7F-987FA2196BE3}.Debug|x64.Build.0 = Debug|Any CPU
		{6A805728-66CF-4676-BB7F-987FA2196BE3}.Debug|x86.ActiveCfg = Debug|Any CPU
		{6A805728-66CF-4676-BB7F-987FA2196BE3}.Debug|x86.Build.0 = Debug|Any CPU
		{6A805728-66CF-4676-BB7F-987FA2196BE3}.Release|Any CPU.ActiveCfg = Release|Any CPU
		{6A805728-66CF-4676-BB7F-987FA2196BE3}.Release|Any CPU.Build.0 = Release|Any CPU
		{6A805728-66CF-4676-BB7F-987FA2196BE3}.Release|x64.ActiveCfg = Release|Any CPU
		{6A805728-66CF-4676-BB7F-987FA2196BE3}.Release|x64.Build.0 = Release|Any CPU
		{6A805728-66CF-4676-BB7F-987FA2196BE3}.Release|x86.ActiveCfg = Release|Any CPU
		{6A805728-66CF-4676-BB7F-987FA2196BE3}.Release|x86.Build.0 = Release|Any CPU
		{A190507D-AEC6-4B41-BAE1-A3434892A6D0}.Debug|Any CPU.ActiveCfg = Debug|Any CPU
		{A190507D-AEC6-4B41-BAE1-A3434892A6D0}.Debug|Any CPU.Build.0 = Debug|Any CPU
		{A190507D-AEC6-4B41-BAE1-A3434892A6D0}.Debug|x64.ActiveCfg = Debug|Any CPU
		{A190507D-AEC6-4B41-BAE1-A3434892A6D0}.Debug|x64.Build.0 = Debug|Any CPU
		{A190507D-AEC6-4B41-BAE1-A3434892A6D0}.Debug|x86.ActiveCfg = Debug|Any CPU
		{A190507D-AEC6-4B41-BAE1-A3434892A6D0}.Debug|x86.Build.0 = Debug|Any CPU
		{A190507D-AEC6-4B41-BAE1-A3434892A6D0}.Release|Any CPU.ActiveCfg = Release|Any CPU
		{A190507D-AEC6-4B41-BAE1-A3434892A6D0}.Release|Any CPU.Build.0 = Release|Any CPU
		{A190507D-AEC6-4B41-BAE1-A3434892A6D0}.Release|x64.ActiveCfg = Release|Any CPU
		{A190507D-AEC6-4B41-BAE1-A3434892A6D0}.Release|x64.Build.0 = Release|Any CPU
		{A190507D-AEC6-4B41-BAE1-A3434892A6D0}.Release|x86.ActiveCfg = Release|Any CPU
		{A190507D-AEC6-4B41-BAE1-A3434892A6D0}.Release|x86.Build.0 = Release|Any CPU
		{10B71691-D0E0-4DC9-AE40-3D3C9E9B5DC7}.Debug|Any CPU.ActiveCfg = Debug|Any CPU
		{10B71691-D0E0-4DC9-AE40-3D3C9E9B5DC7}.Debug|Any CPU.Build.0 = Debug|Any CPU
		{10B71691-D0E0-4DC9-AE40-3D3C9E9B5DC7}.Debug|x64.ActiveCfg = Debug|Any CPU
		{10B71691-D0E0-4DC9-AE40-3D3C9E9B5DC7}.Debug|x64.Build.0 = Debug|Any CPU
		{10B71691-D0E0-4DC9-AE40-3D3C9E9B5DC7}.Debug|x86.ActiveCfg = Debug|Any CPU
		{10B71691-D0E0-4DC9-AE40-3D3C9E9B5DC7}.Debug|x86.Build.0 = Debug|Any CPU
		{10B71691-D0E0-4DC9-AE40-3D3C9E9B5DC7}.Release|Any CPU.ActiveCfg = Release|Any CPU
		{10B71691-D0E0-4DC9-AE40-3D3C9E9B5DC7}.Release|Any CPU.Build.0 = Release|Any CPU
		{10B71691-D0E0-4DC9-AE40-3D3C9E9B5DC7}.Release|x64.ActiveCfg = Release|Any CPU
		{10B71691-D0E0-4DC9-AE40-3D3C9E9B5DC7}.Release|x64.Build.0 = Release|Any CPU
		{10B71691-D0E0-4DC9-AE40-3D3C9E9B5DC7}.Release|x86.ActiveCfg = Release|Any CPU
		{10B71691-D0E0-4DC9-AE40-3D3C9E9B5DC7}.Release|x86.Build.0 = Release|Any CPU
		{569EF7AA-81AB-460D-8EF4-DA020F84E59E}.Debug|Any CPU.ActiveCfg = Debug|Any CPU
		{569EF7AA-81AB-460D-8EF4-DA020F84E59E}.Debug|Any CPU.Build.0 = Debug|Any CPU
		{569EF7AA-81AB-460D-8EF4-DA020F84E59E}.Debug|x64.ActiveCfg = Debug|Any CPU
		{569EF7AA-81AB-460D-8EF4-DA020F84E59E}.Debug|x64.Build.0 = Debug|Any CPU
		{569EF7AA-81AB-460D-8EF4-DA020F84E59E}.Debug|x86.ActiveCfg = Debug|Any CPU
		{569EF7AA-81AB-460D-8EF4-DA020F84E59E}.Debug|x86.Build.0 = Debug|Any CPU
		{569EF7AA-81AB-460D-8EF4-DA020F84E59E}.Release|Any CPU.ActiveCfg = Release|Any CPU
		{569EF7AA-81AB-460D-8EF4-DA020F84E59E}.Release|Any CPU.Build.0 = Release|Any CPU
		{569EF7AA-81AB-460D-8EF4-DA020F84E59E}.Release|x64.ActiveCfg = Release|Any CPU
		{569EF7AA-81AB-460D-8EF4-DA020F84E59E}.Release|x64.Build.0 = Release|Any CPU
		{569EF7AA-81AB-460D-8EF4-DA020F84E59E}.Release|x86.ActiveCfg = Release|Any CPU
		{569EF7AA-81AB-460D-8EF4-DA020F84E59E}.Release|x86.Build.0 = Release|Any CPU
		{55299973-0E7B-491E-A94D-D7B75416D669}.Debug|Any CPU.ActiveCfg = Debug|Any CPU
		{55299973-0E7B-491E-A94D-D7B75416D669}.Debug|Any CPU.Build.0 = Debug|Any CPU
		{55299973-0E7B-491E-A94D-D7B75416D669}.Debug|x64.ActiveCfg = Debug|Any CPU
		{55299973-0E7B-491E-A94D-D7B75416D669}.Debug|x64.Build.0 = Debug|Any CPU
		{55299973-0E7B-491E-A94D-D7B75416D669}.Debug|x86.ActiveCfg = Debug|Any CPU
		{55299973-0E7B-491E-A94D-D7B75416D669}.Debug|x86.Build.0 = Debug|Any CPU
		{55299973-0E7B-491E-A94D-D7B75416D669}.Release|Any CPU.ActiveCfg = Release|Any CPU
		{55299973-0E7B-491E-A94D-D7B75416D669}.Release|Any CPU.Build.0 = Release|Any CPU
		{55299973-0E7B-491E-A94D-D7B75416D669}.Release|x64.ActiveCfg = Release|Any CPU
		{55299973-0E7B-491E-A94D-D7B75416D669}.Release|x64.Build.0 = Release|Any CPU
		{55299973-0E7B-491E-A94D-D7B75416D669}.Release|x86.ActiveCfg = Release|Any CPU
		{55299973-0E7B-491E-A94D-D7B75416D669}.Release|x86.Build.0 = Release|Any CPU
		{F7B19847-4351-4E27-8FC8-ADD65E3AA442}.Debug|Any CPU.ActiveCfg = Debug|Any CPU
		{F7B19847-4351-4E27-8FC8-ADD65E3AA442}.Debug|Any CPU.Build.0 = Debug|Any CPU
		{F7B19847-4351-4E27-8FC8-ADD65E3AA442}.Debug|x64.ActiveCfg = Debug|Any CPU
		{F7B19847-4351-4E27-8FC8-ADD65E3AA442}.Debug|x64.Build.0 = Debug|Any CPU
		{F7B19847-4351-4E27-8FC8-ADD65E3AA442}.Debug|x86.ActiveCfg = Debug|Any CPU
		{F7B19847-4351-4E27-8FC8-ADD65E3AA442}.Debug|x86.Build.0 = Debug|Any CPU
		{F7B19847-4351-4E27-8FC8-ADD65E3AA442}.Release|Any CPU.ActiveCfg = Release|Any CPU
		{F7B19847-4351-4E27-8FC8-ADD65E3AA442}.Release|Any CPU.Build.0 = Release|Any CPU
		{F7B19847-4351-4E27-8FC8-ADD65E3AA442}.Release|x64.ActiveCfg = Release|Any CPU
		{F7B19847-4351-4E27-8FC8-ADD65E3AA442}.Release|x64.Build.0 = Release|Any CPU
		{F7B19847-4351-4E27-8FC8-ADD65E3AA442}.Release|x86.ActiveCfg = Release|Any CPU
		{F7B19847-4351-4E27-8FC8-ADD65E3AA442}.Release|x86.Build.0 = Release|Any CPU
		{D99BFF1A-7C4D-448D-AA2E-82E801EB3D2A}.Debug|Any CPU.ActiveCfg = Debug|Any CPU
		{D99BFF1A-7C4D-448D-AA2E-82E801EB3D2A}.Debug|Any CPU.Build.0 = Debug|Any CPU
		{D99BFF1A-7C4D-448D-AA2E-82E801EB3D2A}.Debug|x64.ActiveCfg = Debug|Any CPU
		{D99BFF1A-7C4D-448D-AA2E-82E801EB3D2A}.Debug|x64.Build.0 = Debug|Any CPU
		{D99BFF1A-7C4D-448D-AA2E-82E801EB3D2A}.Debug|x86.ActiveCfg = Debug|Any CPU
		{D99BFF1A-7C4D-448D-AA2E-82E801EB3D2A}.Debug|x86.Build.0 = Debug|Any CPU
		{D99BFF1A-7C4D-448D-AA2E-82E801EB3D2A}.Release|Any CPU.ActiveCfg = Release|Any CPU
		{D99BFF1A-7C4D-448D-AA2E-82E801EB3D2A}.Release|Any CPU.Build.0 = Release|Any CPU
		{D99BFF1A-7C4D-448D-AA2E-82E801EB3D2A}.Release|x64.ActiveCfg = Release|Any CPU
		{D99BFF1A-7C4D-448D-AA2E-82E801EB3D2A}.Release|x64.Build.0 = Release|Any CPU
		{D99BFF1A-7C4D-448D-AA2E-82E801EB3D2A}.Release|x86.ActiveCfg = Release|Any CPU
		{D99BFF1A-7C4D-448D-AA2E-82E801EB3D2A}.Release|x86.Build.0 = Release|Any CPU
		{20271FC4-F9E6-4131-8111-F715DD28CC26}.Debug|Any CPU.ActiveCfg = Debug|Any CPU
		{20271FC4-F9E6-4131-8111-F715DD28CC26}.Debug|Any CPU.Build.0 = Debug|Any CPU
		{20271FC4-F9E6-4131-8111-F715DD28CC26}.Debug|x64.ActiveCfg = Debug|Any CPU
		{20271FC4-F9E6-4131-8111-F715DD28CC26}.Debug|x64.Build.0 = Debug|Any CPU
		{20271FC4-F9E6-4131-8111-F715DD28CC26}.Debug|x86.ActiveCfg = Debug|Any CPU
		{20271FC4-F9E6-4131-8111-F715DD28CC26}.Debug|x86.Build.0 = Debug|Any CPU
		{20271FC4-F9E6-4131-8111-F715DD28CC26}.Release|Any CPU.ActiveCfg = Release|Any CPU
		{20271FC4-F9E6-4131-8111-F715DD28CC26}.Release|Any CPU.Build.0 = Release|Any CPU
		{20271FC4-F9E6-4131-8111-F715DD28CC26}.Release|x64.ActiveCfg = Release|Any CPU
		{20271FC4-F9E6-4131-8111-F715DD28CC26}.Release|x64.Build.0 = Release|Any CPU
		{20271FC4-F9E6-4131-8111-F715DD28CC26}.Release|x86.ActiveCfg = Release|Any CPU
		{20271FC4-F9E6-4131-8111-F715DD28CC26}.Release|x86.Build.0 = Release|Any CPU
		{F1281864-CBFC-482F-94F8-F1559E5D2EEA}.Debug|Any CPU.ActiveCfg = Debug|Any CPU
		{F1281864-CBFC-482F-94F8-F1559E5D2EEA}.Debug|Any CPU.Build.0 = Debug|Any CPU
		{F1281864-CBFC-482F-94F8-F1559E5D2EEA}.Debug|x64.ActiveCfg = Debug|Any CPU
		{F1281864-CBFC-482F-94F8-F1559E5D2EEA}.Debug|x64.Build.0 = Debug|Any CPU
		{F1281864-CBFC-482F-94F8-F1559E5D2EEA}.Debug|x86.ActiveCfg = Debug|Any CPU
		{F1281864-CBFC-482F-94F8-F1559E5D2EEA}.Debug|x86.Build.0 = Debug|Any CPU
		{F1281864-CBFC-482F-94F8-F1559E5D2EEA}.Release|Any CPU.ActiveCfg = Release|Any CPU
		{F1281864-CBFC-482F-94F8-F1559E5D2EEA}.Release|Any CPU.Build.0 = Release|Any CPU
		{F1281864-CBFC-482F-94F8-F1559E5D2EEA}.Release|x64.ActiveCfg = Release|Any CPU
		{F1281864-CBFC-482F-94F8-F1559E5D2EEA}.Release|x64.Build.0 = Release|Any CPU
		{F1281864-CBFC-482F-94F8-F1559E5D2EEA}.Release|x86.ActiveCfg = Release|Any CPU
		{F1281864-CBFC-482F-94F8-F1559E5D2EEA}.Release|x86.Build.0 = Release|Any CPU
		{1A15C56A-E9FC-44C8-8193-2980C852FC30}.Debug|Any CPU.ActiveCfg = Debug|Any CPU
		{1A15C56A-E9FC-44C8-8193-2980C852FC30}.Debug|Any CPU.Build.0 = Debug|Any CPU
		{1A15C56A-E9FC-44C8-8193-2980C852FC30}.Debug|x64.ActiveCfg = Debug|Any CPU
		{1A15C56A-E9FC-44C8-8193-2980C852FC30}.Debug|x64.Build.0 = Debug|Any CPU
		{1A15C56A-E9FC-44C8-8193-2980C852FC30}.Debug|x86.ActiveCfg = Debug|Any CPU
		{1A15C56A-E9FC-44C8-8193-2980C852FC30}.Debug|x86.Build.0 = Debug|Any CPU
		{1A15C56A-E9FC-44C8-8193-2980C852FC30}.Release|Any CPU.ActiveCfg = Release|Any CPU
		{1A15C56A-E9FC-44C8-8193-2980C852FC30}.Release|Any CPU.Build.0 = Release|Any CPU
		{1A15C56A-E9FC-44C8-8193-2980C852FC30}.Release|x64.ActiveCfg = Release|Any CPU
		{1A15C56A-E9FC-44C8-8193-2980C852FC30}.Release|x64.Build.0 = Release|Any CPU
		{1A15C56A-E9FC-44C8-8193-2980C852FC30}.Release|x86.ActiveCfg = Release|Any CPU
		{1A15C56A-E9FC-44C8-8193-2980C852FC30}.Release|x86.Build.0 = Release|Any CPU
	EndGlobalSection
	GlobalSection(SolutionProperties) = preSolution
		HideSolutionNode = FALSE
	EndGlobalSection
	GlobalSection(NestedProjects) = preSolution
		{F7B19847-4351-4E27-8FC8-ADD65E3AA442} = {09BF9997-AC28-4F71-BDF6-D1F8C92AC0A9}
		{D99BFF1A-7C4D-448D-AA2E-82E801EB3D2A} = {09BF9997-AC28-4F71-BDF6-D1F8C92AC0A9}
	EndGlobalSection
EndGlobal
